
Microsoft Visual Studio Solution File, Format Version 12.00
# Visual Studio 2013
VisualStudioVersion = 12.0.31101.0
MinimumVisualStudioVersion = 10.0.40219.1
Project("{FAE04EC0-301F-11D3-BF4B-00C04F79EFBC}") = "CollegeManagement.Model", "CollegeManagement.Model\CollegeManagement.Model.csproj", "{1563E611-9F11-44B8-B530-B2BCD0B2954F}"
EndProject
Project("{FAE04EC0-301F-11D3-BF4B-00C04F79EFBC}") = "CollegeManagement.Manager", "CollegeManagement.Manager\CollegeManagement.Manager.csproj", "{D2695379-48DA-41CA-B411-9B2EAB02D171}"
EndProject
Project("{FAE04EC0-301F-11D3-BF4B-00C04F79EFBC}") = "CollegeManagement.WebClient", "CollegeManagement.WebClient\CollegeManagement.WebClient.csproj", "{E317F307-F32B-4F8D-8ABA-E1FAEB91FF9E}"
EndProject
Project("{FAE04EC0-301F-11D3-BF4B-00C04F79EFBC}") = "CollegeManagement.RestService", "CollegeManagement.RestService\CollegeManagement.RestService.csproj", "{DC1E8FBA-BE79-4956-9CD3-880AB655DB8B}"
EndProject
Global
	GlobalSection(SolutionConfigurationPlatforms) = preSolution
		Debug|Any CPU = Debug|Any CPU
		Release|Any CPU = Release|Any CPU
	EndGlobalSection
	GlobalSection(ProjectConfigurationPlatforms) = postSolution
		{1563E611-9F11-44B8-B530-B2BCD0B2954F}.Debug|Any CPU.ActiveCfg = Debug|Any CPU
		{1563E611-9F11-44B8-B530-B2BCD0B2954F}.Debug|Any CPU.Build.0 = Debug|Any CPU
		{1563E611-9F11-44B8-B530-B2BCD0B2954F}.Release|Any CPU.ActiveCfg = Release|Any CPU
		{1563E611-9F11-44B8-B530-B2BCD0B2954F}.Release|Any CPU.Build.0 = Release|Any CPU
		{D2695379-48DA-41CA-B411-9B2EAB02D171}.Debug|Any CPU.ActiveCfg = Debug|Any CPU
		{D2695379-48DA-41CA-B411-9B2EAB02D171}.Debug|Any CPU.Build.0 = Debug|Any CPU
		{D2695379-48DA-41CA-B411-9B2EAB02D171}.Release|Any CPU.ActiveCfg = Release|Any CPU
		{D2695379-48DA-41CA-B411-9B2EAB02D171}.Release|Any CPU.Build.0 = Release|Any CPU
		{E317F307-F32B-4F8D-8ABA-E1FAEB91FF9E}.Debug|Any CPU.ActiveCfg = Debug|Any CPU
		{E317F307-F32B-4F8D-8ABA-E1FAEB91FF9E}.Debug|Any CPU.Build.0 = Debug|Any CPU
		{E317F307-F32B-4F8D-8ABA-E1FAEB91FF9E}.Release|Any CPU.ActiveCfg = Release|Any CPU
		{E317F307-F32B-4F8D-8ABA-E1FAEB91FF9E}.Release|Any CPU.Build.0 = Release|Any CPU
		{DC1E8FBA-BE79-4956-9CD3-880AB655DB8B}.Debug|Any CPU.ActiveCfg = Debug|Any CPU
		{DC1E8FBA-BE79-4956-9CD3-880AB655DB8B}.Debug|Any CPU.Build.0 = Debug|Any CPU
		{DC1E8FBA-BE79-4956-9CD3-880AB655DB8B}.Release|Any CPU.ActiveCfg = Release|Any CPU
		{DC1E8FBA-BE79-4956-9CD3-880AB655DB8B}.Release|Any CPU.Build.0 = Release|Any CPU
	EndGlobalSection
	GlobalSection(SolutionProperties) = preSolution
		HideSolutionNode = FALSE
	EndGlobalSection
EndGlobal
